
Microsoft Visual Studio Solution File, Format Version 12.00
# Visual Studio 15
VisualStudioVersion = 15.0.26124.0
MinimumVisualStudioVersion = 15.0.26124.0
Project("{FAE04EC0-301F-11D3-BF4B-00C04F79EFBC}") = "dto", "dto\dto.csproj", "{1839D4E0-4C12-4903-9C51-22F7A378D246}"
EndProject
Project("{FAE04EC0-301F-11D3-BF4B-00C04F79EFBC}") = "client", "client\client.csproj", "{76EF84CB-C377-40F4-858D-ABF8DFAD61DB}"
EndProject
Project("{FAE04EC0-301F-11D3-BF4B-00C04F79EFBC}") = "server", "server\server.csproj", "{CD895A81-91D7-44E7-A5D3-91EFC51DC13C}"
EndProject
Project("{FAE04EC0-301F-11D3-BF4B-00C04F79EFBC}") = "server.grpccore", "server.grpccore\server.grpccore.csproj", "{36BEB5C7-CFDB-43FE-84ED-E0BDEA07C05B}"
EndProject
Project("{FAE04EC0-301F-11D3-BF4B-00C04F79EFBC}") = "client.grpccore", "client.grpccore\client.grpccore.csproj", "{B9F39DF6-B8D9-4FA7-BFEE-02A9F9E91DD7}"
EndProject
Project("{FAE04EC0-301F-11D3-BF4B-00C04F79EFBC}") = "client.net", "client.net\client.net.csproj", "{322B728F-0CE3-4B32-B3DB-03F28242755E}"
EndProject
Project("{FAE04EC0-301F-11D3-BF4B-00C04F79EFBC}") = "server.aspnet", "server.aspnet\server.aspnet.csproj", "{5C67BB35-B57D-4BD7-A3E5-2C5635DAFB5C}"
EndProject
Global
	GlobalSection(SolutionConfigurationPlatforms) = preSolution
		Debug|Any CPU = Debug|Any CPU
		Debug|x64 = Debug|x64
		Debug|x86 = Debug|x86
		Release|Any CPU = Release|Any CPU
		Release|x64 = Release|x64
		Release|x86 = Release|x86
	EndGlobalSection
	GlobalSection(SolutionProperties) = preSolution
		HideSolutionNode = FALSE
	EndGlobalSection
	GlobalSection(ProjectConfigurationPlatforms) = postSolution
		{1839D4E0-4C12-4903-9C51-22F7A378D246}.Debug|Any CPU.ActiveCfg = Debug|Any CPU
		{1839D4E0-4C12-4903-9C51-22F7A378D246}.Debug|Any CPU.Build.0 = Debug|Any CPU
		{1839D4E0-4C12-4903-9C51-22F7A378D246}.Debug|x64.ActiveCfg = Debug|Any CPU
		{1839D4E0-4C12-4903-9C51-22F7A378D246}.Debug|x64.Build.0 = Debug|Any CPU
		{1839D4E0-4C12-4903-9C51-22F7A378D246}.Debug|x86.ActiveCfg = Debug|Any CPU
		{1839D4E0-4C12-4903-9C51-22F7A378D246}.Debug|x86.Build.0 = Debug|Any CPU
		{1839D4E0-4C12-4903-9C51-22F7A378D246}.Release|Any CPU.ActiveCfg = Release|Any CPU
		{1839D4E0-4C12-4903-9C51-22F7A378D246}.Release|Any CPU.Build.0 = Release|Any CPU
		{1839D4E0-4C12-4903-9C51-22F7A378D246}.Release|x64.ActiveCfg = Release|Any CPU
		{1839D4E0-4C12-4903-9C51-22F7A378D246}.Release|x64.Build.0 = Release|Any CPU
		{1839D4E0-4C12-4903-9C51-22F7A378D246}.Release|x86.ActiveCfg = Release|Any CPU
		{1839D4E0-4C12-4903-9C51-22F7A378D246}.Release|x86.Build.0 = Release|Any CPU
		{76EF84CB-C377-40F4-858D-ABF8DFAD61DB}.Debug|Any CPU.ActiveCfg = Debug|Any CPU
		{76EF84CB-C377-40F4-858D-ABF8DFAD61DB}.Debug|Any CPU.Build.0 = Debug|Any CPU
		{76EF84CB-C377-40F4-858D-ABF8DFAD61DB}.Debug|x64.ActiveCfg = Debug|Any CPU
		{76EF84CB-C377-40F4-858D-ABF8DFAD61DB}.Debug|x64.Build.0 = Debug|Any CPU
		{76EF84CB-C377-40F4-858D-ABF8DFAD61DB}.Debug|x86.ActiveCfg = Debug|Any CPU
		{76EF84CB-C377-40F4-858D-ABF8DFAD61DB}.Debug|x86.Build.0 = Debug|Any CPU
		{76EF84CB-C377-40F4-858D-ABF8DFAD61DB}.Release|Any CPU.ActiveCfg = Release|Any CPU
		{76EF84CB-C377-40F4-858D-ABF8DFAD61DB}.Release|Any CPU.Build.0 = Release|Any CPU
		{76EF84CB-C377-40F4-858D-ABF8DFAD61DB}.Release|x64.ActiveCfg = Release|Any CPU
		{76EF84CB-C377-40F4-858D-ABF8DFAD61DB}.Release|x64.Build.0 = Release|Any CPU
		{76EF84CB-C377-40F4-858D-ABF8DFAD61DB}.Release|x86.ActiveCfg = Release|Any CPU
		{76EF84CB-C377-40F4-858D-ABF8DFAD61DB}.Release|x86.Build.0 = Release|Any CPU
		{CD895A81-91D7-44E7-A5D3-91EFC51DC13C}.Debug|Any CPU.ActiveCfg = Debug|Any CPU
		{CD895A81-91D7-44E7-A5D3-91EFC51DC13C}.Debug|Any CPU.Build.0 = Debug|Any CPU
		{CD895A81-91D7-44E7-A5D3-91EFC51DC13C}.Debug|x64.ActiveCfg = Debug|Any CPU
		{CD895A81-91D7-44E7-A5D3-91EFC51DC13C}.Debug|x64.Build.0 = Debug|Any CPU
		{CD895A81-91D7-44E7-A5D3-91EFC51DC13C}.Debug|x86.ActiveCfg = Debug|Any CPU
		{CD895A81-91D7-44E7-A5D3-91EFC51DC13C}.Debug|x86.Build.0 = Debug|Any CPU
		{CD895A81-91D7-44E7-A5D3-91EFC51DC13C}.Release|Any CPU.ActiveCfg = Release|Any CPU
		{CD895A81-91D7-44E7-A5D3-91EFC51DC13C}.Release|Any CPU.Build.0 = Release|Any CPU
		{CD895A81-91D7-44E7-A5D3-91EFC51DC13C}.Release|x64.ActiveCfg = Release|Any CPU
		{CD895A81-91D7-44E7-A5D3-91EFC51DC13C}.Release|x64.Build.0 = Release|Any CPU
		{CD895A81-91D7-44E7-A5D3-91EFC51DC13C}.Release|x86.ActiveCfg = Release|Any CPU
		{CD895A81-91D7-44E7-A5D3-91EFC51DC13C}.Release|x86.Build.0 = Release|Any CPU
		{36BEB5C7-CFDB-43FE-84ED-E0BDEA07C05B}.Debug|Any CPU.ActiveCfg = Debug|Any CPU
		{36BEB5C7-CFDB-43FE-84ED-E0BDEA07C05B}.Debug|Any CPU.Build.0 = Debug|Any CPU
		{36BEB5C7-CFDB-43FE-84ED-E0BDEA07C05B}.Debug|x64.ActiveCfg = Debug|Any CPU
		{36BEB5C7-CFDB-43FE-84ED-E0BDEA07C05B}.Debug|x64.Build.0 = Debug|Any CPU
		{36BEB5C7-CFDB-43FE-84ED-E0BDEA07C05B}.Debug|x86.ActiveCfg = Debug|Any CPU
		{36BEB5C7-CFDB-43FE-84ED-E0BDEA07C05B}.Debug|x86.Build.0 = Debug|Any CPU
		{36BEB5C7-CFDB-43FE-84ED-E0BDEA07C05B}.Release|Any CPU.ActiveCfg = Release|Any CPU
		{36BEB5C7-CFDB-43FE-84ED-E0BDEA07C05B}.Release|Any CPU.Build.0 = Release|Any CPU
		{36BEB5C7-CFDB-43FE-84ED-E0BDEA07C05B}.Release|x64.ActiveCfg = Release|Any CPU
		{36BEB5C7-CFDB-43FE-84ED-E0BDEA07C05B}.Release|x64.Build.0 = Release|Any CPU
		{36BEB5C7-CFDB-43FE-84ED-E0BDEA07C05B}.Release|x86.ActiveCfg = Release|Any CPU
		{36BEB5C7-CFDB-43FE-84ED-E0BDEA07C05B}.Release|x86.Build.0 = Release|Any CPU
		{B9F39DF6-B8D9-4FA7-BFEE-02A9F9E91DD7}.Debug|Any CPU.ActiveCfg = Debug|Any CPU
		{B9F39DF6-B8D9-4FA7-BFEE-02A9F9E91DD7}.Debug|Any CPU.Build.0 = Debug|Any CPU
		{B9F39DF6-B8D9-4FA7-BFEE-02A9F9E91DD7}.Debug|x64.ActiveCfg = Debug|Any CPU
		{B9F39DF6-B8D9-4FA7-BFEE-02A9F9E91DD7}.Debug|x64.Build.0 = Debug|Any CPU
		{B9F39DF6-B8D9-4FA7-BFEE-02A9F9E91DD7}.Debug|x86.ActiveCfg = Debug|Any CPU
		{B9F39DF6-B8D9-4FA7-BFEE-02A9F9E91DD7}.Debug|x86.Build.0 = Debug|Any CPU
		{B9F39DF6-B8D9-4FA7-BFEE-02A9F9E91DD7}.Release|Any CPU.ActiveCfg = Release|Any CPU
		{B9F39DF6-B8D9-4FA7-BFEE-02A9F9E91DD7}.Release|Any CPU.Build.0 = Release|Any CPU
		{B9F39DF6-B8D9-4FA7-BFEE-02A9F9E91DD7}.Release|x64.ActiveCfg = Release|Any CPU
		{B9F39DF6-B8D9-4FA7-BFEE-02A9F9E91DD7}.Release|x64.Build.0 = Release|Any CPU
		{B9F39DF6-B8D9-4FA7-BFEE-02A9F9E91DD7}.Release|x86.ActiveCfg = Release|Any CPU
		{B9F39DF6-B8D9-4FA7-BFEE-02A9F9E91DD7}.Release|x86.Build.0 = Release|Any CPU
		{322B728F-0CE3-4B32-B3DB-03F28242755E}.Debug|Any CPU.ActiveCfg = Debug|Any CPU
		{322B728F-0CE3-4B32-B3DB-03F28242755E}.Debug|Any CPU.Build.0 = Debug|Any CPU
		{322B728F-0CE3-4B32-B3DB-03F28242755E}.Debug|x64.ActiveCfg = Debug|Any CPU
		{322B728F-0CE3-4B32-B3DB-03F28242755E}.Debug|x64.Build.0 = Debug|Any CPU
		{322B728F-0CE3-4B32-B3DB-03F28242755E}.Debug|x86.ActiveCfg = Debug|Any CPU
		{322B728F-0CE3-4B32-B3DB-03F28242755E}.Debug|x86.Build.0 = Debug|Any CPU
		{322B728F-0CE3-4B32-B3DB-03F28242755E}.Release|Any CPU.ActiveCfg = Release|Any CPU
		{322B728F-0CE3-4B32-B3DB-03F28242755E}.Release|Any CPU.Build.0 = Release|Any CPU
		{322B728F-0CE3-4B32-B3DB-03F28242755E}.Release|x64.ActiveCfg = Release|Any CPU
		{322B728F-0CE3-4B32-B3DB-03F28242755E}.Release|x64.Build.0 = Release|Any CPU
		{322B728F-0CE3-4B32-B3DB-03F28242755E}.Release|x86.ActiveCfg = Release|Any CPU
		{322B728F-0CE3-4B32-B3DB-03F28242755E}.Release|x86.Build.0 = Release|Any CPU
		{5C67BB35-B57D-4BD7-A3E5-2C5635DAFB5C}.Debug|Any CPU.ActiveCfg = Debug|Any CPU
		{5C67BB35-B57D-4BD7-A3E5-2C5635DAFB5C}.Debug|Any CPU.Build.0 = Debug|Any CPU
		{5C67BB35-B57D-4BD7-A3E5-2C5635DAFB5C}.Debug|x64.ActiveCfg = Debug|Any CPU
		{5C67BB35-B57D-4BD7-A3E5-2C5635DAFB5C}.Debug|x64.Build.0 = Debug|Any CPU
		{5C67BB35-B57D-4BD7-A3E5-2C5635DAFB5C}.Debug|x86.ActiveCfg = Debug|Any CPU
		{5C67BB35-B57D-4BD7-A3E5-2C5635DAFB5C}.Debug|x86.Build.0 = Debug|Any CPU
		{5C67BB35-B57D-4BD7-A3E5-2C5635DAFB5C}.Release|Any CPU.ActiveCfg = Release|Any CPU
		{5C67BB35-B57D-4BD7-A3E5-2C5635DAFB5C}.Release|Any CPU.Build.0 = Release|Any CPU
		{5C67BB35-B57D-4BD7-A3E5-2C5635DAFB5C}.Release|x64.ActiveCfg = Release|Any CPU
		{5C67BB35-B57D-4BD7-A3E5-2C5635DAFB5C}.Release|x64.Build.0 = Release|Any CPU
		{5C67BB35-B57D-4BD7-A3E5-2C5635DAFB5C}.Release|x86.ActiveCfg = Release|Any CPU
		{5C67BB35-B57D-4BD7-A3E5-2C5635DAFB5C}.Release|x86.Build.0 = Release|Any CPU
	EndGlobalSection
EndGlobal
